
Microsoft Visual Studio Solution File, Format Version 12.00
# Visual Studio Version 17
VisualStudioVersion = 17.11.35222.181
MinimumVisualStudioVersion = 10.0.40219.1
Project("{9A19103F-16F7-4668-BE54-9A1E7A4F7556}") = "TaskSync", "TaskSync.csproj", "{77C56AFC-A3DD-48F3-B7DC-7C1197EAEA15}"
EndProject
Project("{FAE04EC0-301F-11D3-BF4B-00C04F79EFBC}") = "TaskSyncTest", "..\backendtest\TaskSyncTest.csproj", "{7E7DA582-7627-4974-AA29-C8A875719700}"
EndProject
Global
	GlobalSection(SolutionConfigurationPlatforms) = preSolution
		Debug|Any CPU = Debug|Any CPU
		Release|Any CPU = Release|Any CPU
	EndGlobalSection
	GlobalSection(ProjectConfigurationPlatforms) = postSolution
		{77C56AFC-A3DD-48F3-B7DC-7C1197EAEA15}.Debug|Any CPU.ActiveCfg = Debug|Any CPU
		{77C56AFC-A3DD-48F3-B7DC-7C1197EAEA15}.Debug|Any CPU.Build.0 = Debug|Any CPU
		{77C56AFC-A3DD-48F3-B7DC-7C1197EAEA15}.Release|Any CPU.ActiveCfg = Release|Any CPU
		{77C56AFC-A3DD-48F3-B7DC-7C1197EAEA15}.Release|Any CPU.Build.0 = Release|Any CPU
		{7E7DA582-7627-4974-AA29-C8A875719700}.Debug|Any CPU.ActiveCfg = Debug|Any CPU
		{7E7DA582-7627-4974-AA29-C8A875719700}.Debug|Any CPU.Build.0 = Debug|Any CPU
		{7E7DA582-7627-4974-AA29-C8A875719700}.Release|Any CPU.ActiveCfg = Release|Any CPU
		{7E7DA582-7627-4974-AA29-C8A875719700}.Release|Any CPU.Build.0 = Release|Any CPU
	EndGlobalSection
	GlobalSection(SolutionProperties) = preSolution
		HideSolutionNode = FALSE
	EndGlobalSection
	GlobalSection(ExtensibilityGlobals) = postSolution
		SolutionGuid = {8ECDBAE4-0FB4-4740-82DC-90B21ED7A00A}
	EndGlobalSection
EndGlobal
